
Microsoft Visual Studio Solution File, Format Version 12.00
# Visual Studio Version 17
VisualStudioVersion = 17.0.31903.59
MinimumVisualStudioVersion = 10.0.40219.1
Project("{2150E333-8FDC-42A3-9474-1A3956D46DE8}") = "src", "src", "{827E0CD3-B72D-47B6-A68D-7590B98EB39B}"
EndProject
Project("{FAE04EC0-301F-11D3-BF4B-00C04F79EFBC}") = "Domain", "src\Domain\Domain.csproj", "{75DE42E3-EC46-4D89-9BF4-558C77B44C8B}"
EndProject
Project("{FAE04EC0-301F-11D3-BF4B-00C04F79EFBC}") = "Application", "src\Application\Application.csproj", "{246A17E6-A78A-43B0-B4B5-DFC5250E832D}"
EndProject
Project("{FAE04EC0-301F-11D3-BF4B-00C04F79EFBC}") = "Infrastructure", "src\Infrastructure\Infrastructure.csproj", "{98D7009F-DF8D-4C9A-AA66-9BC9F6C95BC8}"
EndProject
Project("{FAE04EC0-301F-11D3-BF4B-00C04F79EFBC}") = "API", "src\API\API.csproj", "{145007A7-6C45-4EF0-AA79-D04116AC7703}"
EndProject
Project("{2150E333-8FDC-42A3-9474-1A3956D46DE8}") = "tests", "tests", "{0AB3BF05-4346-4AA6-1389-037BE0695223}"
EndProject
Project("{FAE04EC0-301F-11D3-BF4B-00C04F79EFBC}") = "UnitTests", "tests\UnitTests\UnitTests.csproj", "{B59D17F0-9EE9-4D61-A802-B62B38415C50}"
EndProject
Project("{FAE04EC0-301F-11D3-BF4B-00C04F79EFBC}") = "IntegrationTests", "tests\IntegrationTests\IntegrationTests.csproj", "{EEDCAFD4-30F0-4893-932F-AC2DE4DF43CF}"
EndProject
Global
	GlobalSection(SolutionConfigurationPlatforms) = preSolution
		Debug|Any CPU = Debug|Any CPU
		Debug|x64 = Debug|x64
		Debug|x86 = Debug|x86
		Release|Any CPU = Release|Any CPU
		Release|x64 = Release|x64
		Release|x86 = Release|x86
	EndGlobalSection
	GlobalSection(ProjectConfigurationPlatforms) = postSolution
		{75DE42E3-EC46-4D89-9BF4-558C77B44C8B}.Debug|Any CPU.ActiveCfg = Debug|Any CPU
		{75DE42E3-EC46-4D89-9BF4-558C77B44C8B}.Debug|Any CPU.Build.0 = Debug|Any CPU
		{75DE42E3-EC46-4D89-9BF4-558C77B44C8B}.Debug|x64.ActiveCfg = Debug|Any CPU
		{75DE42E3-EC46-4D89-9BF4-558C77B44C8B}.Debug|x64.Build.0 = Debug|Any CPU
		{75DE42E3-EC46-4D89-9BF4-558C77B44C8B}.Debug|x86.ActiveCfg = Debug|Any CPU
		{75DE42E3-EC46-4D89-9BF4-558C77B44C8B}.Debug|x86.Build.0 = Debug|Any CPU
		{75DE42E3-EC46-4D89-9BF4-558C77B44C8B}.Release|Any CPU.ActiveCfg = Release|Any CPU
		{75DE42E3-EC46-4D89-9BF4-558C77B44C8B}.Release|Any CPU.Build.0 = Release|Any CPU
		{75DE42E3-EC46-4D89-9BF4-558C77B44C8B}.Release|x64.ActiveCfg = Release|Any CPU
		{75DE42E3-EC46-4D89-9BF4-558C77B44C8B}.Release|x64.Build.0 = Release|Any CPU
		{75DE42E3-EC46-4D89-9BF4-558C77B44C8B}.Release|x86.ActiveCfg = Release|Any CPU
		{75DE42E3-EC46-4D89-9BF4-558C77B44C8B}.Release|x86.Build.0 = Release|Any CPU
		{246A17E6-A78A-43B0-B4B5-DFC5250E832D}.Debug|Any CPU.ActiveCfg = Debug|Any CPU
		{246A17E6-A78A-43B0-B4B5-DFC5250E832D}.Debug|Any CPU.Build.0 = Debug|Any CPU
		{246A17E6-A78A-43B0-B4B5-DFC5250E832D}.Debug|x64.ActiveCfg = Debug|Any CPU
		{246A17E6-A78A-43B0-B4B5-DFC5250E832D}.Debug|x64.Build.0 = Debug|Any CPU
		{246A17E6-A78A-43B0-B4B5-DFC5250E832D}.Debug|x86.ActiveCfg = Debug|Any CPU
		{246A17E6-A78A-43B0-B4B5-DFC5250E832D}.Debug|x86.Build.0 = Debug|Any CPU
		{246A17E6-A78A-43B0-B4B5-DFC5250E832D}.Release|Any CPU.ActiveCfg = Release|Any CPU
		{246A17E6-A78A-43B0-B4B5-DFC5250E832D}.Release|Any CPU.Build.0 = Release|Any CPU
		{246A17E6-A78A-43B0-B4B5-DFC5250E832D}.Release|x64.ActiveCfg = Release|Any CPU
		{246A17E6-A78A-43B0-B4B5-DFC5250E832D}.Release|x64.Build.0 = Release|Any CPU
		{246A17E6-A78A-43B0-B4B5-DFC5250E832D}.Release|x86.ActiveCfg = Release|Any CPU
		{246A17E6-A78A-43B0-B4B5-DFC5250E832D}.Release|x86.Build.0 = Release|Any CPU
		{98D7009F-DF8D-4C9A-AA66-9BC9F6C95BC8}.Debug|Any CPU.ActiveCfg = Debug|Any CPU
		{98D7009F-DF8D-4C9A-AA66-9BC9F6C95BC8}.Debug|Any CPU.Build.0 = Debug|Any CPU
		{98D7009F-DF8D-4C9A-AA66-9BC9F6C95BC8}.Debug|x64.ActiveCfg = Debug|Any CPU
		{98D7009F-DF8D-4C9A-AA66-9BC9F6C95BC8}.Debug|x64.Build.0 = Debug|Any CPU
		{98D7009F-DF8D-4C9A-AA66-9BC9F6C95BC8}.Debug|x86.ActiveCfg = Debug|Any CPU
		{98D7009F-DF8D-4C9A-AA66-9BC9F6C95BC8}.Debug|x86.Build.0 = Debug|Any CPU
		{98D7009F-DF8D-4C9A-AA66-9BC9F6C95BC8}.Release|Any CPU.ActiveCfg = Release|Any CPU
		{98D7009F-DF8D-4C9A-AA66-9BC9F6C95BC8}.Release|Any CPU.Build.0 = Release|Any CPU
		{98D7009F-DF8D-4C9A-AA66-9BC9F6C95BC8}.Release|x64.ActiveCfg = Release|Any CPU
		{98D7009F-DF8D-4C9A-AA66-9BC9F6C95BC8}.Release|x64.Build.0 = Release|Any CPU
		{98D7009F-DF8D-4C9A-AA66-9BC9F6C95BC8}.Release|x86.ActiveCfg = Release|Any CPU
		{98D7009F-DF8D-4C9A-AA66-9BC9F6C95BC8}.Release|x86.Build.0 = Release|Any CPU
		{145007A7-6C45-4EF0-AA79-D04116AC7703}.Debug|Any CPU.ActiveCfg = Debug|Any CPU
		{145007A7-6C45-4EF0-AA79-D04116AC7703}.Debug|Any CPU.Build.0 = Debug|Any CPU
		{145007A7-6C45-4EF0-AA79-D04116AC7703}.Debug|x64.ActiveCfg = Debug|Any CPU
		{145007A7-6C45-4EF0-AA79-D04116AC7703}.Debug|x64.Build.0 = Debug|Any CPU
		{145007A7-6C45-4EF0-AA79-D04116AC7703}.Debug|x86.ActiveCfg = Debug|Any CPU
		{145007A7-6C45-4EF0-AA79-D04116AC7703}.Debug|x86.Build.0 = Debug|Any CPU
		{145007A7-6C45-4EF0-AA79-D04116AC7703}.Release|Any CPU.ActiveCfg = Release|Any CPU
		{145007A7-6C45-4EF0-AA79-D04116AC7703}.Release|Any CPU.Build.0 = Release|Any CPU
		{145007A7-6C45-4EF0-AA79-D04116AC7703}.Release|x64.ActiveCfg = Release|Any CPU
		{145007A7-6C45-4EF0-AA79-D04116AC7703}.Release|x64.Build.0 = Release|Any CPU
		{145007A7-6C45-4EF0-AA79-D04116AC7703}.Release|x86.ActiveCfg = Release|Any CPU
		{145007A7-6C45-4EF0-AA79-D04116AC7703}.Release|x86.Build.0 = Release|Any CPU
		{B59D17F0-9EE9-4D61-A802-B62B38415C50}.Debug|Any CPU.ActiveCfg = Debug|Any CPU
		{B59D17F0-9EE9-4D61-A802-B62B38415C50}.Debug|Any CPU.Build.0 = Debug|Any CPU
		{B59D17F0-9EE9-4D61-A802-B62B38415C50}.Debug|x64.ActiveCfg = Debug|Any CPU
		{B59D17F0-9EE9-4D61-A802-B62B38415C50}.Debug|x64.Build.0 = Debug|Any CPU
		{B59D17F0-9EE9-4D61-A802-B62B38415C50}.Debug|x86.ActiveCfg = Debug|Any CPU
		{B59D17F0-9EE9-4D61-A802-B62B38415C50}.Debug|x86.Build.0 = Debug|Any CPU
		{B59D17F0-9EE9-4D61-A802-B62B38415C50}.Release|Any CPU.ActiveCfg = Release|Any CPU
		{B59D17F0-9EE9-4D61-A802-B62B38415C50}.Release|Any CPU.Build.0 = Release|Any CPU
		{B59D17F0-9EE9-4D61-A802-B62B38415C50}.Release|x64.ActiveCfg = Release|Any CPU
		{B59D17F0-9EE9-4D61-A802-B62B38415C50}.Release|x64.Build.0 = Release|Any CPU
		{B59D17F0-9EE9-4D61-A802-B62B38415C50}.Release|x86.ActiveCfg = Release|Any CPU
		{B59D17F0-9EE9-4D61-A802-B62B38415C50}.Release|x86.Build.0 = Release|Any CPU
		{EEDCAFD4-30F0-4893-932F-AC2DE4DF43CF}.Debug|Any CPU.ActiveCfg = Debug|Any CPU
		{EEDCAFD4-30F0-4893-932F-AC2DE4DF43CF}.Debug|Any CPU.Build.0 = Debug|Any CPU
		{EEDCAFD4-30F0-4893-932F-AC2DE4DF43CF}.Debug|x64.ActiveCfg = Debug|Any CPU
		{EEDCAFD4-30F0-4893-932F-AC2DE4DF43CF}.Debug|x64.Build.0 = Debug|Any CPU
		{EEDCAFD4-30F0-4893-932F-AC2DE4DF43CF}.Debug|x86.ActiveCfg = Debug|Any CPU
		{EEDCAFD4-30F0-4893-932F-AC2DE4DF43CF}.Debug|x86.Build.0 = Debug|Any CPU
		{EEDCAFD4-30F0-4893-932F-AC2DE4DF43CF}.Release|Any CPU.ActiveCfg = Release|Any CPU
		{EEDCAFD4-30F0-4893-932F-AC2DE4DF43CF}.Release|Any CPU.Build.0 = Release|Any CPU
		{EEDCAFD4-30F0-4893-932F-AC2DE4DF43CF}.Release|x64.ActiveCfg = Release|Any CPU
		{EEDCAFD4-30F0-4893-932F-AC2DE4DF43CF}.Release|x64.Build.0 = Release|Any CPU
		{EEDCAFD4-30F0-4893-932F-AC2DE4DF43CF}.Release|x86.ActiveCfg = Release|Any CPU
		{EEDCAFD4-30F0-4893-932F-AC2DE4DF43CF}.Release|x86.Build.0 = Release|Any CPU
	EndGlobalSection
	GlobalSection(SolutionProperties) = preSolution
		HideSolutionNode = FALSE
	EndGlobalSection
	GlobalSection(NestedProjects) = preSolution
		{75DE42E3-EC46-4D89-9BF4-558C77B44C8B} = {827E0CD3-B72D-47B6-A68D-7590B98EB39B}
		{246A17E6-A78A-43B0-B4B5-DFC5250E832D} = {827E0CD3-B72D-47B6-A68D-7590B98EB39B}
		{98D7009F-DF8D-4C9A-AA66-9BC9F6C95BC8} = {827E0CD3-B72D-47B6-A68D-7590B98EB39B}
		{145007A7-6C45-4EF0-AA79-D04116AC7703} = {827E0CD3-B72D-47B6-A68D-7590B98EB39B}
		{B59D17F0-9EE9-4D61-A802-B62B38415C50} = {0AB3BF05-4346-4AA6-1389-037BE0695223}
		{EEDCAFD4-30F0-4893-932F-AC2DE4DF43CF} = {0AB3BF05-4346-4AA6-1389-037BE0695223}
	EndGlobalSection
EndGlobal
